
Microsoft Visual Studio Solution File, Format Version 12.00
# Visual Studio Version 17
VisualStudioVersion = 17.5.002.0
MinimumVisualStudioVersion = 10.0.40219.1
Project("{9A19103F-16F7-4668-BE54-9A1E7A4F7556}") = "RoleName", "RoleName.csproj", "{A5EBB4ED-7211-428F-A639-1CAB6F10BDD6}"
EndProject
Global
	GlobalSection(SolutionConfigurationPlatforms) = preSolution
		Debug|Any CPU = Debug|Any CPU
		Release|Any CPU = Release|Any CPU
	EndGlobalSection
	GlobalSection(ProjectConfigurationPlatforms) = postSolution
		{A5EBB4ED-7211-428F-A639-1CAB6F10BDD6}.Debug|Any CPU.ActiveCfg = Debug|Any CPU
		{A5EBB4ED-7211-428F-A639-1CAB6F10BDD6}.Debug|Any CPU.Build.0 = Debug|Any CPU
		{A5EBB4ED-7211-428F-A639-1CAB6F10BDD6}.Release|Any CPU.ActiveCfg = Release|Any CPU
		{A5EBB4ED-7211-428F-A639-1CAB6F10BDD6}.Release|Any CPU.Build.0 = Release|Any CPU
	EndGlobalSection
	GlobalSection(SolutionProperties) = preSolution
		HideSolutionNode = FALSE
	EndGlobalSection
	GlobalSection(ExtensibilityGlobals) = postSolution
		SolutionGuid = {55D63180-AFCD-4F4A-9A50-6615EE31D702}
	EndGlobalSection
EndGlobal
